
Microsoft Visual Studio Solution File, Format Version 12.00
# Visual Studio 15
VisualStudioVersion = 15.0.27004.2002
MinimumVisualStudioVersion = 10.0.40219.1
Project("{FAE04EC0-301F-11D3-BF4B-00C04F79EFBC}") = "CoreLoggerDemo", "CoreLoggerDemo\CoreLoggerDemo.csproj", "{34BA23D7-99F2-4F69-883C-A029C836582C}"
EndProject
Global
	GlobalSection(SolutionConfigurationPlatforms) = preSolution
		Debug|Any CPU = Debug|Any CPU
		Release|Any CPU = Release|Any CPU
	EndGlobalSection
	GlobalSection(ProjectConfigurationPlatforms) = postSolution
		{34BA23D7-99F2-4F69-883C-A029C836582C}.Debug|Any CPU.ActiveCfg = Debug|Any CPU
		{34BA23D7-99F2-4F69-883C-A029C836582C}.Debug|Any CPU.Build.0 = Debug|Any CPU
		{34BA23D7-99F2-4F69-883C-A029C836582C}.Release|Any CPU.ActiveCfg = Release|Any CPU
		{34BA23D7-99F2-4F69-883C-A029C836582C}.Release|Any CPU.Build.0 = Release|Any CPU
	EndGlobalSection
	GlobalSection(SolutionProperties) = preSolution
		HideSolutionNode = FALSE
	EndGlobalSection
	GlobalSection(ExtensibilityGlobals) = postSolution
		SolutionGuid = {8DB0941F-8291-4DD0-B737-78E5C20BBD25}
	EndGlobalSection
EndGlobal
